
Microsoft Visual Studio Solution File, Format Version 12.00
# Visual Studio 2017
Project("{FAE04EC0-301F-11D3-BF4B-00C04F79EFBC}") = "MachineLearning", "MachineLearning.csproj", "{AA78E2F7-C2B2-A070-D9D7-4B3260DCC6EC}"
EndProject
Global
	GlobalSection(SolutionConfigurationPlatforms) = preSolution
		Debug|Any CPU = Debug|Any CPU
		Release|Any CPU = Release|Any CPU
	EndGlobalSection
	GlobalSection(ProjectConfigurationPlatforms) = postSolution
		{AA78E2F7-C2B2-A070-D9D7-4B3260DCC6EC}.Debug|Any CPU.ActiveCfg = Debug|Any CPU
		{AA78E2F7-C2B2-A070-D9D7-4B3260DCC6EC}.Debug|Any CPU.Build.0 = Debug|Any CPU
		{AA78E2F7-C2B2-A070-D9D7-4B3260DCC6EC}.Release|Any CPU.ActiveCfg = Release|Any CPU
		{AA78E2F7-C2B2-A070-D9D7-4B3260DCC6EC}.Release|Any CPU.Build.0 = Release|Any CPU
	EndGlobalSection
	GlobalSection(SolutionProperties) = preSolution
		HideSolutionNode = FALSE
	EndGlobalSection
EndGlobal
